// !$*UTF8*$!
{
	archiveVersion = 1;
	classes = {
	};
	objectVersion = 50;
	objects = {

/* Begin PBXBuildFile section */
		DC638682225CA5A400D76615 /* AppDelegate.swift in Sources */ = {isa = PBXBuildFile; fileRef = DC638681225CA5A400D76615 /* AppDelegate.swift */; };
		DC638684225CA5A400D76615 /* GameScene.sks in Resources */ = {isa = PBXBuildFile; fileRef = DC638683225CA5A400D76615 /* GameScene.sks */; };
		DC638688225CA5A400D76615 /* GameScene.swift in Sources */ = {isa = PBXBuildFile; fileRef = DC638687225CA5A400D76615 /* GameScene.swift */; };
		DC63868A225CA5A400D76615 /* GameViewController.swift in Sources */ = {isa = PBXBuildFile; fileRef = DC638689225CA5A400D76615 /* GameViewController.swift */; };
		DC63868D225CA5A400D76615 /* Main.storyboard in Resources */ = {isa = PBXBuildFile; fileRef = DC63868B225CA5A400D76615 /* Main.storyboard */; };
		DC63868F225CA5A700D76615 /* Assets.xcassets in Resources */ = {isa = PBXBuildFile; fileRef = DC63868E225CA5A700D76615 /* Assets.xcassets */; };
		DC638692225CA5A700D76615 /* LaunchScreen.storyboard in Resources */ = {isa = PBXBuildFile; fileRef = DC638690225CA5A700D76615 /* LaunchScreen.storyboard */; };
		DC63869B225CA67200D76615 /* TargetNode.swift in Sources */ = {isa = PBXBuildFile; fileRef = DC63869A225CA67200D76615 /* TargetNode.swift */; };
		DC63869F225CC9A500D76615 /* Explosion.sks in Resources */ = {isa = PBXBuildFile; fileRef = DC63869D225CC9A500D76615 /* Explosion.sks */; };
		DC6386A0225CC9A500D76615 /* Assets.xcassets in Resources */ = {isa = PBXBuildFile; fileRef = DC63869E225CC9A500D76615 /* Assets.xcassets */; };
		DC873017225D43C10072380E /* MagicEffect.sks in Resources */ = {isa = PBXBuildFile; fileRef = DC873016225D43C10072380E /* MagicEffect.sks */; };
/* End PBXBuildFile section */

/* Begin PBXFileReference section */
		DC63867E225CA5A400D76615 /* ShootingGallery.app */ = {isa = PBXFileReference; explicitFileType = wrapper.application; includeInIndex = 0; path = ShootingGallery.app; sourceTree = BUILT_PRODUCTS_DIR; };
		DC638681225CA5A400D76615 /* AppDelegate.swift */ = {isa = PBXFileReference; lastKnownFileType = sourcecode.swift; path = AppDelegate.swift; sourceTree = "<group>"; };
		DC638683225CA5A400D76615 /* GameScene.sks */ = {isa = PBXFileReference; lastKnownFileType = file.sks; path = GameScene.sks; sourceTree = "<group>"; };
		DC638687225CA5A400D76615 /* GameScene.swift */ = {isa = PBXFileReference; lastKnownFileType = sourcecode.swift; path = GameScene.swift; sourceTree = "<group>"; };
		DC638689225CA5A400D76615 /* GameViewController.swift */ = {isa = PBXFileReference; lastKnownFileType = sourcecode.swift; path = GameViewController.swift; sourceTree = "<group>"; };
		DC63868C225CA5A400D76615 /* Base */ = {isa = PBXFileReference; lastKnownFileType = file.storyboard; name = Base; path = Base.lproj/Main.storyboard; sourceTree = "<group>"; };
		DC63868E225CA5A700D76615 /* Assets.xcassets */ = {isa = PBXFileReference; lastKnownFileType = folder.assetcatalog; path = Assets.xcassets; sourceTree = "<group>"; };
		DC638691225CA5A700D76615 /* Base */ = {isa = PBXFileReference; lastKnownFileType = file.storyboard; name = Base; path = Base.lproj/LaunchScreen.storyboard; sourceTree = "<group>"; };
		DC638693225CA5A700D76615 /* Info.plist */ = {isa = PBXFileReference; lastKnownFileType = text.plist.xml; path = Info.plist; sourceTree = "<group>"; };
		DC63869A225CA67200D76615 /* TargetNode.swift */ = {isa = PBXFileReference; lastKnownFileType = sourcecode.swift; path = TargetNode.swift; sourceTree = "<group>"; };
		DC63869D225CC9A500D76615 /* Explosion.sks */ = {isa = PBXFileReference; lastKnownFileType = file.sks; path = Explosion.sks; sourceTree = "<group>"; };
		DC63869E225CC9A500D76615 /* Assets.xcassets */ = {isa = PBXFileReference; lastKnownFileType = folder.assetcatalog; path = Assets.xcassets; sourceTree = "<group>"; };
		DC873016225D43C10072380E /* MagicEffect.sks */ = {isa = PBXFileReference; lastKnownFileType = file.sks; path = MagicEffect.sks; sourceTree = "<group>"; };
/* End PBXFileReference section */

/* Begin PBXFrameworksBuildPhase section */
		DC63867B225CA5A400D76615 /* Frameworks */ = {
			isa = PBXFrameworksBuildPhase;
			buildActionMask = 2147483647;
			files = (
			);
			runOnlyForDeploymentPostprocessing = 0;
		};
/* End PBXFrameworksBuildPhase section */

/* Begin PBXGroup section */
		DC638675225CA5A400D76615 = {
			isa = PBXGroup;
			children = (
				DC638680225CA5A400D76615 /* ShootingGallery */,
				DC63867F225CA5A400D76615 /* Products */,
			);
			sourceTree = "<group>";
		};
		DC63867F225CA5A400D76615 /* Products */ = {
			isa = PBXGroup;
			children = (
				DC63867E225CA5A400D76615 /* ShootingGallery.app */,
			);
			name = Products;
			sourceTree = "<group>";
		};
		DC638680225CA5A400D76615 /* ShootingGallery */ = {
			isa = PBXGroup;
			children = (
				DC63869C225CC97900D76615 /* Particles */,
				DC638699225CA65A00D76615 /* Model */,
				DC638681225CA5A400D76615 /* AppDelegate.swift */,
				DC638683225CA5A400D76615 /* GameScene.sks */,
				DC638687225CA5A400D76615 /* GameScene.swift */,
				DC638689225CA5A400D76615 /* GameViewController.swift */,
				DC63868B225CA5A400D76615 /* Main.storyboard */,
				DC63868E225CA5A700D76615 /* Assets.xcassets */,
				DC638690225CA5A700D76615 /* LaunchScreen.storyboard */,
				DC638693225CA5A700D76615 /* Info.plist */,
			);
			path = ShootingGallery;
			sourceTree = "<group>";
		};
		DC638699225CA65A00D76615 /* Model */ = {
			isa = PBXGroup;
			children = (
				DC63869A225CA67200D76615 /* TargetNode.swift */,
			);
			path = Model;
			sourceTree = "<group>";
		};
		DC63869C225CC97900D76615 /* Particles */ = {
			isa = PBXGroup;
			children = (
				DC63869D225CC9A500D76615 /* Explosion.sks */,
				DC63869E225CC9A500D76615 /* Assets.xcassets */,
				DC873016225D43C10072380E /* MagicEffect.sks */,
			);
			path = Particles;
			sourceTree = "<group>";
		};
/* End PBXGroup section */

/* Begin PBXNativeTarget section */
		DC63867D225CA5A400D76615 /* ShootingGallery */ = {
			isa = PBXNativeTarget;
			buildConfigurationList = DC638696225CA5A700D76615 /* Build configuration list for PBXNativeTarget "ShootingGallery" */;
			buildPhases = (
				DC63867A225CA5A400D76615 /* Sources */,
				DC63867B225CA5A400D76615 /* Frameworks */,
				DC63867C225CA5A400D76615 /* Resources */,
			);
			buildRules = (
			);
			dependencies = (
			);
			name = ShootingGallery;
			productName = ShootingGallery;
			productReference = DC63867E225CA5A400D76615 /* ShootingGallery.app */;
			productType = "com.apple.product-type.application";
		};
/* End PBXNativeTarget section */

/* Begin PBXProject section */
		DC638676225CA5A400D76615 /* Project object */ = {
			isa = PBXProject;
			attributes = {
				LastSwiftUpdateCheck = 1020;
				LastUpgradeCheck = 1020;
				ORGANIZATIONNAME = "Filip Němeček";
				TargetAttributes = {
					DC63867D225CA5A400D76615 = {
						CreatedOnToolsVersion = 10.2;
					};
				};
			};
			buildConfigurationList = DC638679225CA5A400D76615 /* Build configuration list for PBXProject "ShootingGallery" */;
			compatibilityVersion = "Xcode 9.3";
			developmentRegion = en;
			hasScannedForEncodings = 0;
			knownRegions = (
				en,
				Base,
			);
			mainGroup = DC638675225CA5A400D76615;
			productRefGroup = DC63867F225CA5A400D76615 /* Products */;
			projectDirPath = "";
			projectRoot = "";
			targets = (
				DC63867D225CA5A400D76615 /* ShootingGallery */,
			);
		};
/* End PBXProject section */

/* Begin PBXResourcesBuildPhase section */
		DC63867C225CA5A400D76615 /* Resources */ = {
			isa = PBXResourcesBuildPhase;
			buildActionMask = 2147483647;
			files = (
				DC63868D225CA5A400D76615 /* Main.storyboard in Resources */,
				DC638684225CA5A400D76615 /* GameScene.sks in Resources */,
				DC63869F225CC9A500D76615 /* Explosion.sks in Resources */,
				DC63868F225CA5A700D76615 /* Assets.xcassets in Resources */,
				DC6386A0225CC9A500D76615 /* Assets.xcassets in Resources */,
				DC638692225CA5A700D76615 /* LaunchScreen.storyboard in Resources */,
				DC873017225D43C10072380E /* MagicEffect.sks in Resources */,
			);
			runOnlyForDeploymentPostprocessing = 0;
		};
/* End PBXResourcesBuildPhase section */

/* Begin PBXSourcesBuildPhase section */
		DC63867A225CA5A400D76615 /* Sources */ = {
			isa = PBXSourcesBuildPhase;
			buildActionMask = 2147483647;
			files = (
				DC63869B225CA67200D76615 /* TargetNode.swift in Sources */,
				DC638688225CA5A400D76615 /* GameScene.swift in Sources */,
				DC63868A225CA5A400D76615 /* GameViewController.swift in Sources */,
				DC638682225CA5A400D76615 /* AppDelegate.swift in Sources */,
			);
			runOnlyForDeploymentPostprocessing = 0;
		};
/* End PBXSourcesBuildPhase section */

/* Begin PBXVariantGroup section */
		DC63868B225CA5A400D76615 /* Main.storyboard */ = {
			isa = PBXVariantGroup;
			children = (
				DC63868C225CA5A400D76615 /* Base */,
			);
			name = Main.storyboard;
			sourceTree = "<group>";
		};
		DC638690225CA5A700D76615 /* LaunchScreen.storyboard */ = {
			isa = PBXVariantGroup;
			children = (
				DC638691225CA5A700D76615 /* Base */,
			);
			name = LaunchScreen.storyboard;
			sourceTree = "<group>";
		};
/* End PBXVariantGroup section */

/* Begin XCBuildConfiguration section */
		DC638694225CA5A700D76615 /* Debug */ = {
			isa = XCBuildConfiguration;
			buildSettings = {
				ALWAYS_SEARCH_USER_PATHS = NO;
				CLANG_ANALYZER_NONNULL = YES;
				CLANG_ANALYZER_NUMBER_OBJECT_CONVERSION = YES_AGGRESSIVE;
				CLANG_CXX_LANGUAGE_STANDARD = "gnu++14";
				CLANG_CXX_LIBRARY = "libc++";
				CLANG_ENABLE_MODULES = YES;
				CLANG_ENABLE_OBJC_ARC = YES;
				CLANG_ENABLE_OBJC_WEAK = YES;
				CLANG_WARN_BLOCK_CAPTURE_AUTORELEASING = YES;
				CLANG_WARN_BOOL_CONVERSION = YES;
				CLANG_WARN_COMMA = YES;
				CLANG_WARN_CONSTANT_CONVERSION = YES;
				CLANG_WARN_DEPRECATED_OBJC_IMPLEMENTATIONS = YES;
				CLANG_WARN_DIRECT_OBJC_ISA_USAGE = YES_ERROR;
				CLANG_WARN_DOCUMENTATION_COMMENTS = YES;
				CLANG_WARN_EMPTY_BODY = YES;
				CLANG_WARN_ENUM_CONVERSION = YES;
				CLANG_WARN_INFINITE_RECURSION = YES;
				CLANG_WARN_INT_CONVERSION = YES;
				CLANG_WARN_NON_LITERAL_NULL_CONVERSION = YES;
				CLANG_WARN_OBJC_IMPLICIT_RETAIN_SELF = YES;
				CLANG_WARN_OBJC_LITERAL_CONVERSION = YES;
				CLANG_WARN_OBJC_ROOT_CLASS = YES_ERROR;
				CLANG_WARN_RANGE_LOOP_ANALYSIS = YES;
				CLANG_WARN_STRICT_PROTOTYPES = YES;
				CLANG_WARN_SUSPICIOUS_MOVE = YES;
				CLANG_WARN_UNGUARDED_AVAILABILITY = YES_AGGRESSIVE;
				CLANG_WARN_UNREACHABLE_CODE = YES;
				CLANG_WARN__DUPLICATE_METHOD_MATCH = YES;
				CODE_SIGN_IDENTITY = "iPhone Developer";
				COPY_PHASE_STRIP = NO;
				DEBUG_INFORMATION_FORMAT = dwarf;
				ENABLE_STRICT_OBJC_MSGSEND = YES;
				ENABLE_TESTABILITY = YES;
				GCC_C_LANGUAGE_STANDARD = gnu11;
				GCC_DYNAMIC_NO_PIC = NO;
				GCC_NO_COMMON_BLOCKS = YES;
				GCC_OPTIMIZATION_LEVEL = 0;
				GCC_PREPROCESSOR_DEFINITIONS = (
					"DEBUG=1",
					"$(inherited)",
				);
				GCC_WARN_64_TO_32_BIT_CONVERSION = YES;
				GCC_WARN_ABOUT_RETURN_TYPE = YES_ERROR;
				GCC_WARN_UNDECLARED_SELECTOR = YES;
				GCC_WARN_UNINITIALIZED_AUTOS = YES_AGGRESSIVE;
				GCC_WARN_UNUSED_FUNCTION = YES;
				GCC_WARN_UNUSED_VARIABLE = YES;
				IPHONEOS_DEPLOYMENT_TARGET = 12.2;
				MTL_ENABLE_DEBUG_INFO = INCLUDE_SOURCE;
				MTL_FAST_MATH = YES;
				ONLY_ACTIVE_ARCH = YES;
				SDKROOT = iphoneos;
				SWIFT_ACTIVE_COMPILATION_CONDITIONS = DEBUG;
				SWIFT_OPTIMIZATION_LEVEL = "-Onone";
			};
			name = Debug;
		};
		DC638695225CA5A700D76615 /* Release */ = {
			isa = XCBuildConfiguration;
			buildSettings = {
				ALWAYS_SEARCH_USER_PATHS = NO;
				CLANG_ANALYZER_NONNULL = YES;
				CLANG_ANALYZER_NUMBER_OBJECT_CONVERSION = YES_AGGRESSIVE;
				CLANG_CXX_LANGUAGE_STANDARD = "gnu++14";
				CLANG_CXX_LIBRARY = "libc++";
				CLANG_ENABLE_MODULES = YES;
				CLANG_ENABLE_OBJC_ARC = YES;
				CLANG_ENABLE_OBJC_WEAK = YES;
				CLANG_WARN_BLOCK_CAPTURE_AUTORELEASING = YES;
				CLANG_WARN_BOOL_CONVERSION = YES;
				CLANG_WARN_COMMA = YES;
				CLANG_WARN_CONSTANT_CONVERSION = YES;
				CLANG_WARN_DEPRECATED_OBJC_IMPLEMENTATIONS = YES;
				CLANG_WARN_DIRECT_OBJC_ISA_USAGE = YES_ERROR;
				CLANG_WARN_DOCUMENTATION_COMMENTS = YES;
				CLANG_WARN_EMPTY_BODY = YES;
				CLANG_WARN_ENUM_CONVERSION = YES;
				CLANG_WARN_INFINITE_RECURSION = YES;
				CLANG_WARN_INT_CONVERSION = YES;
				CLANG_WARN_NON_LITERAL_NULL_CONVERSION = YES;
				CLANG_WARN_OBJC_IMPLICIT_RETAIN_SELF = YES;
				CLANG_WARN_OBJC_LITERAL_CONVERSION = YES;
				CLANG_WARN_OBJC_ROOT_CLASS = YES_ERROR;
				CLANG_WARN_RANGE_LOOP_ANALYSIS = YES;
				CLANG_WARN_STRICT_PROTOTYPES = YES;
				CLANG_WARN_SUSPICIOUS_MOVE = YES;
				CLANG_WARN_UNGUARDED_AVAILABILITY = YES_AGGRESSIVE;
				CLANG_WARN_UNREACHABLE_CODE = YES;
				CLANG_WARN__DUPLICATE_METHOD_MATCH = YES;
				CODE_SIGN_IDENTITY = "iPhone Developer";
				COPY_PHASE_STRIP = NO;
				DEBUG_INFORMATION_FORMAT = "dwarf-with-dsym";
				ENABLE_NS_ASSERTIONS = NO;
				ENABLE_STRICT_OBJC_MSGSEND = YES;
				GCC_C_LANGUAGE_STANDARD = gnu11;
				GCC_NO_COMMON_BLOCKS = YES;
				GCC_WARN_64_TO_32_BIT_CONVERSION = YES;
				GCC_WARN_ABOUT_RETURN_TYPE = YES_ERROR;
				GCC_WARN_UNDECLARED_SELECTOR = YES;
				GCC_WARN_UNINITIALIZED_AUTOS = YES_AGGRESSIVE;
				GCC_WARN_UNUSED_FUNCTION = YES;
				GCC_WARN_UNUSED_VARIABLE = YES;
				IPHONEOS_DEPLOYMENT_TARGET = 12.2;
				MTL_ENABLE_DEBUG_INFO = NO;
				MTL_FAST_MATH = YES;
				SDKROOT = iphoneos;
				SWIFT_COMPILATION_MODE = wholemodule;
				SWIFT_OPTIMIZATION_LEVEL = "-O";
				VALIDATE_PRODUCT = YES;
			};
			name = Release;
		};
		DC638697225CA5A700D76615 /* Debug */ = {
			isa = XCBuildConfiguration;
			buildSettings = {
				ASSETCATALOG_COMPILER_APPICON_NAME = AppIcon;
				CODE_SIGN_STYLE = Automatic;
				DEVELOPMENT_TEAM = S793P9ET2W;
				INFOPLIST_FILE = ShootingGallery/Info.plist;
				LD_RUNPATH_SEARCH_PATHS = (
					"$(inherited)",
					"@executable_path/Frameworks",
				);
				PRODUCT_BUNDLE_IDENTIFIER = FN.ShootingGallery;
				PRODUCT_NAME = "$(TARGET_NAME)";
				SWIFT_VERSION = 5.0;
				TARGETED_DEVICE_FAMILY = 2;
			};
			name = Debug;
		};
		DC638698225CA5A700D76615 /* Release */ = {
			isa = XCBuildConfiguration;
			buildSettings = {
				ASSETCATALOG_COMPILER_APPICON_NAME = AppIcon;
				CODE_SIGN_STYLE = Automatic;
				DEVELOPMENT_TEAM = S793P9ET2W;
				INFOPLIST_FILE = ShootingGallery/Info.plist;
				LD_RUNPATH_SEARCH_PATHS = (
					"$(inherited)",
					"@executable_path/Frameworks",
				);
				PRODUCT_BUNDLE_IDENTIFIER = FN.ShootingGallery;
				PRODUCT_NAME = "$(TARGET_NAME)";
				SWIFT_VERSION = 5.0;
				TARGETED_DEVICE_FAMILY = 2;
			};
			name = Release;
		};
/* End XCBuildConfiguration section */

/* Begin XCConfigurationList section */
		DC638679225CA5A400D76615 /* Build configuration list for PBXProject "ShootingGallery" */ = {
			isa = XCConfigurationList;
			buildConfigurations = (
				DC638694225CA5A700D76615 /* Debug */,
				DC638695225CA5A700D76615 /* Release */,
			);
			defaultConfigurationIsVisible = 0;
			defaultConfigurationName = Release;
		};
		DC638696225CA5A700D76615 /* Build configuration list for PBXNativeTarget "ShootingGallery" */ = {
			isa = XCConfigurationList;
			buildConfigurations = (
				DC638697225CA5A700D76615 /* Debug */,
				DC638698225CA5A700D76615 /* Release */,
			);
			defaultConfigurationIsVisible = 0;
			defaultConfigurationName = Release;
		};
/* End XCConfigurationList section */
	};
	rootObject = DC638676225CA5A400D76615 /* Project object */;
}
